%{
  "fsmx": {:hex, :fsmx, "0.5.0", "63737a5e864e0c4804ce523abee4cfdc496f35ca523d7633efa384d159b9efa2", [:mix], [{:ecto, ">= 3.0.0", [hex: :ecto, repo: "hexpm", optional: true]}, {:ecto_sql, ">= 3.0.0", [hex: :ecto_sql, repo: "hexpm", optional: true]}], "hexpm", "0351e6e725a60c7a171ca5f93db3cf223e580f52f3491d1bb2a57b4f23b6f8b1"},
}
